
Microsoft Visual Studio Solution File, Format Version 12.00
# Visual Studio 14
VisualStudioVersion = 14.0.25420.1
MinimumVisualStudioVersion = 10.0.40219.1
Project("{FAE04EC0-301F-11D3-BF4B-00C04F79EFBC}") = "Broker.Service", "Broker.Service\Broker.Service.csproj", "{669ECA61-C9EA-4DAB-9483-DC67A20F599E}"
EndProject
Project("{FAE04EC0-301F-11D3-BF4B-00C04F79EFBC}") = "Customer.Service", "Customer.Service\Customer.Service.csproj", "{5D570FBA-7F7A-44A0-8721-0E9383BD126C}"
EndProject
Project("{FAE04EC0-301F-11D3-BF4B-00C04F79EFBC}") = "Estimate.Service", "Estimate.Service\Estimate.Service.csproj", "{7BF0324C-4587-4BBF-BC09-C6D159BFF9CD}"
EndProject
Project("{FAE04EC0-301F-11D3-BF4B-00C04F79EFBC}") = "Fipe.Service", "Fipe.Service\Fipe.Service.csproj", "{E0A9CB72-9B1C-495B-8E2E-897097D11C33}"
EndProject
Project("{FAE04EC0-301F-11D3-BF4B-00C04F79EFBC}") = "Insurance.Common", "Insurance.Common\Insurance.Common.csproj", "{1896A0DC-9909-4EE8-B422-7A567479C51E}"
EndProject
Project("{FAE04EC0-301F-11D3-BF4B-00C04F79EFBC}") = "Insurance.Domain", "Insurance.Domain\Insurance.Domain.csproj", "{28F6D39D-B40A-4A5A-910F-46CB81E97390}"
EndProject
Project("{FAE04EC0-301F-11D3-BF4B-00C04F79EFBC}") = "Quotation.Service", "Quotation.Service\Quotation.Service.csproj", "{FE337703-005D-47CE-8E9B-7CD66FC744C2}"
EndProject
Project("{FAE04EC0-301F-11D3-BF4B-00C04F79EFBC}") = "Security.Service", "Security.Service\Security.Service.csproj", "{72E19807-DE01-4E86-98F9-F5FF77EDD397}"
EndProject
Project("{FAE04EC0-301F-11D3-BF4B-00C04F79EFBC}") = "Insurance.Api", "Insurance.Api\Insurance.Api.csproj", "{F16D300C-D001-4060-AF7D-CF551E590090}"
EndProject
Project("{FAE04EC0-301F-11D3-BF4B-00C04F79EFBC}") = "Insurance.Infraestructure", "Insurance.Infraestructure\Insurance.Infraestructure.csproj", "{A48B8526-1ABB-4FF5-92A9-C72FC5149AA9}"
EndProject
Project("{FAE04EC0-301F-11D3-BF4B-00C04F79EFBC}") = "Signature.Service", "Signature.Service\Signature.Service.csproj", "{4EC0EEA9-2CB6-4B42-98B9-D6A01CD27A59}"
EndProject
Project("{FAE04EC0-301F-11D3-BF4B-00C04F79EFBC}") = "Insurance.Startup", "Insurance.Startup\Insurance.Startup.csproj", "{BD9A29C8-D63C-4A0B-BEB2-57DEB9D6C0E4}"
EndProject
Project("{FAE04EC0-301F-11D3-BF4B-00C04F79EFBC}") = "User.Service", "User.Service\User.Service.csproj", "{580C7430-1D27-4815-8A89-B0E2C1AE3193}"
EndProject
Global
	GlobalSection(SolutionConfigurationPlatforms) = preSolution
		Debug|Any CPU = Debug|Any CPU
		Release|Any CPU = Release|Any CPU
	EndGlobalSection
	GlobalSection(ProjectConfigurationPlatforms) = postSolution
		{669ECA61-C9EA-4DAB-9483-DC67A20F599E}.Debug|Any CPU.ActiveCfg = Debug|Any CPU
		{669ECA61-C9EA-4DAB-9483-DC67A20F599E}.Debug|Any CPU.Build.0 = Debug|Any CPU
		{669ECA61-C9EA-4DAB-9483-DC67A20F599E}.Release|Any CPU.ActiveCfg = Release|Any CPU
		{669ECA61-C9EA-4DAB-9483-DC67A20F599E}.Release|Any CPU.Build.0 = Release|Any CPU
		{5D570FBA-7F7A-44A0-8721-0E9383BD126C}.Debug|Any CPU.ActiveCfg = Debug|Any CPU
		{5D570FBA-7F7A-44A0-8721-0E9383BD126C}.Debug|Any CPU.Build.0 = Debug|Any CPU
		{5D570FBA-7F7A-44A0-8721-0E9383BD126C}.Release|Any CPU.ActiveCfg = Release|Any CPU
		{5D570FBA-7F7A-44A0-8721-0E9383BD126C}.Release|Any CPU.Build.0 = Release|Any CPU
		{7BF0324C-4587-4BBF-BC09-C6D159BFF9CD}.Debug|Any CPU.ActiveCfg = Debug|Any CPU
		{7BF0324C-4587-4BBF-BC09-C6D159BFF9CD}.Debug|Any CPU.Build.0 = Debug|Any CPU
		{7BF0324C-4587-4BBF-BC09-C6D159BFF9CD}.Release|Any CPU.ActiveCfg = Release|Any CPU
		{7BF0324C-4587-4BBF-BC09-C6D159BFF9CD}.Release|Any CPU.Build.0 = Release|Any CPU
		{E0A9CB72-9B1C-495B-8E2E-897097D11C33}.Debug|Any CPU.ActiveCfg = Debug|Any CPU
		{E0A9CB72-9B1C-495B-8E2E-897097D11C33}.Debug|Any CPU.Build.0 = Debug|Any CPU
		{E0A9CB72-9B1C-495B-8E2E-897097D11C33}.Release|Any CPU.ActiveCfg = Release|Any CPU
		{E0A9CB72-9B1C-495B-8E2E-897097D11C33}.Release|Any CPU.Build.0 = Release|Any CPU
		{1896A0DC-9909-4EE8-B422-7A567479C51E}.Debug|Any CPU.ActiveCfg = Debug|Any CPU
		{1896A0DC-9909-4EE8-B422-7A567479C51E}.Debug|Any CPU.Build.0 = Debug|Any CPU
		{1896A0DC-9909-4EE8-B422-7A567479C51E}.Release|Any CPU.ActiveCfg = Release|Any CPU
		{1896A0DC-9909-4EE8-B422-7A567479C51E}.Release|Any CPU.Build.0 = Release|Any CPU
		{28F6D39D-B40A-4A5A-910F-46CB81E97390}.Debug|Any CPU.ActiveCfg = Debug|Any CPU
		{28F6D39D-B40A-4A5A-910F-46CB81E97390}.Debug|Any CPU.Build.0 = Debug|Any CPU
		{28F6D39D-B40A-4A5A-910F-46CB81E97390}.Release|Any CPU.ActiveCfg = Release|Any CPU
		{28F6D39D-B40A-4A5A-910F-46CB81E97390}.Release|Any CPU.Build.0 = Release|Any CPU
		{FE337703-005D-47CE-8E9B-7CD66FC744C2}.Debug|Any CPU.ActiveCfg = Debug|Any CPU
		{FE337703-005D-47CE-8E9B-7CD66FC744C2}.Debug|Any CPU.Build.0 = Debug|Any CPU
		{FE337703-005D-47CE-8E9B-7CD66FC744C2}.Release|Any CPU.ActiveCfg = Release|Any CPU
		{FE337703-005D-47CE-8E9B-7CD66FC744C2}.Release|Any CPU.Build.0 = Release|Any CPU
		{72E19807-DE01-4E86-98F9-F5FF77EDD397}.Debug|Any CPU.ActiveCfg = Debug|Any CPU
		{72E19807-DE01-4E86-98F9-F5FF77EDD397}.Debug|Any CPU.Build.0 = Debug|Any CPU
		{72E19807-DE01-4E86-98F9-F5FF77EDD397}.Release|Any CPU.ActiveCfg = Release|Any CPU
		{72E19807-DE01-4E86-98F9-F5FF77EDD397}.Release|Any CPU.Build.0 = Release|Any CPU
		{F16D300C-D001-4060-AF7D-CF551E590090}.Debug|Any CPU.ActiveCfg = Debug|Any CPU
		{F16D300C-D001-4060-AF7D-CF551E590090}.Debug|Any CPU.Build.0 = Debug|Any CPU
		{F16D300C-D001-4060-AF7D-CF551E590090}.Release|Any CPU.ActiveCfg = Release|Any CPU
		{F16D300C-D001-4060-AF7D-CF551E590090}.Release|Any CPU.Build.0 = Release|Any CPU
		{A48B8526-1ABB-4FF5-92A9-C72FC5149AA9}.Debug|Any CPU.ActiveCfg = Debug|Any CPU
		{A48B8526-1ABB-4FF5-92A9-C72FC5149AA9}.Debug|Any CPU.Build.0 = Debug|Any CPU
		{A48B8526-1ABB-4FF5-92A9-C72FC5149AA9}.Release|Any CPU.ActiveCfg = Release|Any CPU
		{A48B8526-1ABB-4FF5-92A9-C72FC5149AA9}.Release|Any CPU.Build.0 = Release|Any CPU
		{4EC0EEA9-2CB6-4B42-98B9-D6A01CD27A59}.Debug|Any CPU.ActiveCfg = Debug|Any CPU
		{4EC0EEA9-2CB6-4B42-98B9-D6A01CD27A59}.Debug|Any CPU.Build.0 = Debug|Any CPU
		{4EC0EEA9-2CB6-4B42-98B9-D6A01CD27A59}.Release|Any CPU.ActiveCfg = Release|Any CPU
		{4EC0EEA9-2CB6-4B42-98B9-D6A01CD27A59}.Release|Any CPU.Build.0 = Release|Any CPU
		{BD9A29C8-D63C-4A0B-BEB2-57DEB9D6C0E4}.Debug|Any CPU.ActiveCfg = Debug|Any CPU
		{BD9A29C8-D63C-4A0B-BEB2-57DEB9D6C0E4}.Debug|Any CPU.Build.0 = Debug|Any CPU
		{BD9A29C8-D63C-4A0B-BEB2-57DEB9D6C0E4}.Release|Any CPU.ActiveCfg = Release|Any CPU
		{BD9A29C8-D63C-4A0B-BEB2-57DEB9D6C0E4}.Release|Any CPU.Build.0 = Release|Any CPU
		{580C7430-1D27-4815-8A89-B0E2C1AE3193}.Debug|Any CPU.ActiveCfg = Debug|Any CPU
		{580C7430-1D27-4815-8A89-B0E2C1AE3193}.Debug|Any CPU.Build.0 = Debug|Any CPU
		{580C7430-1D27-4815-8A89-B0E2C1AE3193}.Release|Any CPU.ActiveCfg = Release|Any CPU
		{580C7430-1D27-4815-8A89-B0E2C1AE3193}.Release|Any CPU.Build.0 = Release|Any CPU
	EndGlobalSection
	GlobalSection(SolutionProperties) = preSolution
		HideSolutionNode = FALSE
	EndGlobalSection
EndGlobal
